
Microsoft Visual Studio Solution File, Format Version 12.00
# Visual Studio Version 16
VisualStudioVersion = 16.0.29613.14
MinimumVisualStudioVersion = 10.0.40219.1
Project("{FAE04EC0-301F-11D3-BF4B-00C04F79EFBC}") = "LearnDocker", "LearnDocker.csproj", "{FC8BC3D5-2DCA-46E7-B033-0B1BA2F84A5F}"
EndProject
Global
	GlobalSection(SolutionConfigurationPlatforms) = preSolution
		Debug|Any CPU = Debug|Any CPU
		Release|Any CPU = Release|Any CPU
	EndGlobalSection
	GlobalSection(ProjectConfigurationPlatforms) = postSolution
		{FC8BC3D5-2DCA-46E7-B033-0B1BA2F84A5F}.Debug|Any CPU.ActiveCfg = Debug|Any CPU
		{FC8BC3D5-2DCA-46E7-B033-0B1BA2F84A5F}.Debug|Any CPU.Build.0 = Debug|Any CPU
		{FC8BC3D5-2DCA-46E7-B033-0B1BA2F84A5F}.Release|Any CPU.ActiveCfg = Release|Any CPU
		{FC8BC3D5-2DCA-46E7-B033-0B1BA2F84A5F}.Release|Any CPU.Build.0 = Release|Any CPU
	EndGlobalSection
	GlobalSection(SolutionProperties) = preSolution
		HideSolutionNode = FALSE
	EndGlobalSection
	GlobalSection(ExtensibilityGlobals) = postSolution
		SolutionGuid = {6469BB6D-0A08-4234-A0BA-33CC5F2E6242}
	EndGlobalSection
EndGlobal
